
Microsoft Visual Studio Solution File, Format Version 12.00
# Visual Studio 15
VisualStudioVersion = 15.0.28307.852
MinimumVisualStudioVersion = 10.0.40219.1
Project("{9A19103F-16F7-4668-BE54-9A1E7A4F7556}") = "user-parking-api", "user-parking-api.csproj", "{B1BAB4C2-BC8D-45D8-A770-5ECAFE5DFF0F}"
EndProject
Global
	GlobalSection(SolutionConfigurationPlatforms) = preSolution
		Debug|Any CPU = Debug|Any CPU
		Release|Any CPU = Release|Any CPU
	EndGlobalSection
	GlobalSection(ProjectConfigurationPlatforms) = postSolution
		{B1BAB4C2-BC8D-45D8-A770-5ECAFE5DFF0F}.Debug|Any CPU.ActiveCfg = Debug|Any CPU
		{B1BAB4C2-BC8D-45D8-A770-5ECAFE5DFF0F}.Debug|Any CPU.Build.0 = Debug|Any CPU
		{B1BAB4C2-BC8D-45D8-A770-5ECAFE5DFF0F}.Release|Any CPU.ActiveCfg = Release|Any CPU
		{B1BAB4C2-BC8D-45D8-A770-5ECAFE5DFF0F}.Release|Any CPU.Build.0 = Release|Any CPU
	EndGlobalSection
	GlobalSection(SolutionProperties) = preSolution
		HideSolutionNode = FALSE
	EndGlobalSection
	GlobalSection(ExtensibilityGlobals) = postSolution
		SolutionGuid = {260ED9F9-2107-4F59-92FB-A80A2D61CF7A}
	EndGlobalSection
EndGlobal
